
Microsoft Visual Studio Solution File, Format Version 12.00
# Visual Studio Version 16
VisualStudioVersion = 16.0.29020.237
MinimumVisualStudioVersion = 10.0.40219.1
Project("{9A19103F-16F7-4668-BE54-9A1E7A4F7556}") = "EMR.Domain", "src\EMR.Domain\EMR.Domain.csproj", "{554AD327-6DBA-4F8F-96F8-81CE7A0C863F}"
EndProject
Project("{9A19103F-16F7-4668-BE54-9A1E7A4F7556}") = "EMR.Application", "src\EMR.Application\EMR.Application.csproj", "{1A94A50E-06DC-43C1-80B5-B662820EC3EB}"
EndProject
Project("{9A19103F-16F7-4668-BE54-9A1E7A4F7556}") = "EMR.EntityFrameworkCore", "src\EMR.EntityFrameworkCore\EMR.EntityFrameworkCore.csproj", "{C956DD76-69C8-4A9C-83EA-D17DF83340FD}"
EndProject
Project("{2150E333-8FDC-42A3-9474-1A3956D46DE8}") = "src", "src", "{CA9AC87F-097E-4F15-8393-4BC07735A5B0}"
EndProject
Project("{9A19103F-16F7-4668-BE54-9A1E7A4F7556}") = "EMR.EntityFrameworkCore.DbMigrations", "src\EMR.EntityFrameworkCore.DbMigrations\EMR.EntityFrameworkCore.DbMigrations.csproj", "{0372FA84-C517-4EB3-9A9F-B9ACAC0CA5E0}"
EndProject
Project("{9A19103F-16F7-4668-BE54-9A1E7A4F7556}") = "EMR.Domain.Shared", "src\EMR.Domain.Shared\EMR.Domain.Shared.csproj", "{42F719ED-8413-4895-B5B4-5AB56079BC66}"
EndProject
Project("{9A19103F-16F7-4668-BE54-9A1E7A4F7556}") = "EMR.Application.Contracts", "src\EMR.Application.Contracts\EMR.Application.Contracts.csproj", "{520659C8-C734-4298-A3DA-B539DB9DFC0B}"
EndProject
Project("{9A19103F-16F7-4668-BE54-9A1E7A4F7556}") = "EMR.HttpApi", "src\EMR.HttpApi\EMR.HttpApi.csproj", "{4164BDF7-F527-4E85-9CE6-E3C2D7426A27}"
EndProject
Project("{9A19103F-16F7-4668-BE54-9A1E7A4F7556}") = "EMR.Swagger", "src\EMR.Swagger\EMR.Swagger.csproj", "{8760EB30-254F-45DE-BD4F-6BA7F7D35944}"
EndProject
Project("{9A19103F-16F7-4668-BE54-9A1E7A4F7556}") = "EMR.Application.Caching", "src\EMR.Application.Caching\EMR.Application.Caching.csproj", "{62A0EB9E-0ECF-46D9-B90E-41E04585D55E}"
EndProject
Project("{9A19103F-16F7-4668-BE54-9A1E7A4F7556}") = "EMR.ToolKits", "src\EMR.ToolKits\EMR.ToolKits.csproj", "{63AF4AB5-D229-4D2A-848B-EA106C7F920F}"
EndProject
Project("{9A19103F-16F7-4668-BE54-9A1E7A4F7556}") = "EMR.HttpApi.Hosting", "src\EMR.HttpApi.Hosting\EMR.HttpApi.Hosting.csproj", "{1C4AD865-8107-4627-8895-1DA1314503AA}"
EndProject
Project("{FAE04EC0-301F-11D3-BF4B-00C04F79EFBC}") = "EMR.Web", "src\EMR.Web\EMR.Web.csproj", "{79109249-FE52-4C8F-BFAD-D563FE8EA85A}"
EndProject
Global
	GlobalSection(SolutionConfigurationPlatforms) = preSolution
		Debug|Any CPU = Debug|Any CPU
		Release|Any CPU = Release|Any CPU
	EndGlobalSection
	GlobalSection(ProjectConfigurationPlatforms) = postSolution
		{554AD327-6DBA-4F8F-96F8-81CE7A0C863F}.Debug|Any CPU.ActiveCfg = Debug|Any CPU
		{554AD327-6DBA-4F8F-96F8-81CE7A0C863F}.Debug|Any CPU.Build.0 = Debug|Any CPU
		{554AD327-6DBA-4F8F-96F8-81CE7A0C863F}.Release|Any CPU.ActiveCfg = Release|Any CPU
		{554AD327-6DBA-4F8F-96F8-81CE7A0C863F}.Release|Any CPU.Build.0 = Release|Any CPU
		{1A94A50E-06DC-43C1-80B5-B662820EC3EB}.Debug|Any CPU.ActiveCfg = Debug|Any CPU
		{1A94A50E-06DC-43C1-80B5-B662820EC3EB}.Debug|Any CPU.Build.0 = Debug|Any CPU
		{1A94A50E-06DC-43C1-80B5-B662820EC3EB}.Release|Any CPU.ActiveCfg = Release|Any CPU
		{1A94A50E-06DC-43C1-80B5-B662820EC3EB}.Release|Any CPU.Build.0 = Release|Any CPU
		{C956DD76-69C8-4A9C-83EA-D17DF83340FD}.Debug|Any CPU.ActiveCfg = Debug|Any CPU
		{C956DD76-69C8-4A9C-83EA-D17DF83340FD}.Debug|Any CPU.Build.0 = Debug|Any CPU
		{C956DD76-69C8-4A9C-83EA-D17DF83340FD}.Release|Any CPU.ActiveCfg = Release|Any CPU
		{C956DD76-69C8-4A9C-83EA-D17DF83340FD}.Release|Any CPU.Build.0 = Release|Any CPU
		{0372FA84-C517-4EB3-9A9F-B9ACAC0CA5E0}.Debug|Any CPU.ActiveCfg = Debug|Any CPU
		{0372FA84-C517-4EB3-9A9F-B9ACAC0CA5E0}.Debug|Any CPU.Build.0 = Debug|Any CPU
		{0372FA84-C517-4EB3-9A9F-B9ACAC0CA5E0}.Release|Any CPU.ActiveCfg = Release|Any CPU
		{0372FA84-C517-4EB3-9A9F-B9ACAC0CA5E0}.Release|Any CPU.Build.0 = Release|Any CPU
		{42F719ED-8413-4895-B5B4-5AB56079BC66}.Debug|Any CPU.ActiveCfg = Debug|Any CPU
		{42F719ED-8413-4895-B5B4-5AB56079BC66}.Debug|Any CPU.Build.0 = Debug|Any CPU
		{42F719ED-8413-4895-B5B4-5AB56079BC66}.Release|Any CPU.ActiveCfg = Release|Any CPU
		{42F719ED-8413-4895-B5B4-5AB56079BC66}.Release|Any CPU.Build.0 = Release|Any CPU
		{520659C8-C734-4298-A3DA-B539DB9DFC0B}.Debug|Any CPU.ActiveCfg = Debug|Any CPU
		{520659C8-C734-4298-A3DA-B539DB9DFC0B}.Debug|Any CPU.Build.0 = Debug|Any CPU
		{520659C8-C734-4298-A3DA-B539DB9DFC0B}.Release|Any CPU.ActiveCfg = Release|Any CPU
		{520659C8-C734-4298-A3DA-B539DB9DFC0B}.Release|Any CPU.Build.0 = Release|Any CPU
		{4164BDF7-F527-4E85-9CE6-E3C2D7426A27}.Debug|Any CPU.ActiveCfg = Debug|Any CPU
		{4164BDF7-F527-4E85-9CE6-E3C2D7426A27}.Debug|Any CPU.Build.0 = Debug|Any CPU
		{4164BDF7-F527-4E85-9CE6-E3C2D7426A27}.Release|Any CPU.ActiveCfg = Release|Any CPU
		{4164BDF7-F527-4E85-9CE6-E3C2D7426A27}.Release|Any CPU.Build.0 = Release|Any CPU
		{8760EB30-254F-45DE-BD4F-6BA7F7D35944}.Debug|Any CPU.ActiveCfg = Debug|Any CPU
		{8760EB30-254F-45DE-BD4F-6BA7F7D35944}.Debug|Any CPU.Build.0 = Debug|Any CPU
		{8760EB30-254F-45DE-BD4F-6BA7F7D35944}.Release|Any CPU.ActiveCfg = Release|Any CPU
		{8760EB30-254F-45DE-BD4F-6BA7F7D35944}.Release|Any CPU.Build.0 = Release|Any CPU
		{62A0EB9E-0ECF-46D9-B90E-41E04585D55E}.Debug|Any CPU.ActiveCfg = Debug|Any CPU
		{62A0EB9E-0ECF-46D9-B90E-41E04585D55E}.Debug|Any CPU.Build.0 = Debug|Any CPU
		{62A0EB9E-0ECF-46D9-B90E-41E04585D55E}.Release|Any CPU.ActiveCfg = Release|Any CPU
		{62A0EB9E-0ECF-46D9-B90E-41E04585D55E}.Release|Any CPU.Build.0 = Release|Any CPU
		{63AF4AB5-D229-4D2A-848B-EA106C7F920F}.Debug|Any CPU.ActiveCfg = Debug|Any CPU
		{63AF4AB5-D229-4D2A-848B-EA106C7F920F}.Debug|Any CPU.Build.0 = Debug|Any CPU
		{63AF4AB5-D229-4D2A-848B-EA106C7F920F}.Release|Any CPU.ActiveCfg = Release|Any CPU
		{63AF4AB5-D229-4D2A-848B-EA106C7F920F}.Release|Any CPU.Build.0 = Release|Any CPU
		{1C4AD865-8107-4627-8895-1DA1314503AA}.Debug|Any CPU.ActiveCfg = Debug|Any CPU
		{1C4AD865-8107-4627-8895-1DA1314503AA}.Debug|Any CPU.Build.0 = Debug|Any CPU
		{1C4AD865-8107-4627-8895-1DA1314503AA}.Release|Any CPU.ActiveCfg = Release|Any CPU
		{1C4AD865-8107-4627-8895-1DA1314503AA}.Release|Any CPU.Build.0 = Release|Any CPU
		{79109249-FE52-4C8F-BFAD-D563FE8EA85A}.Debug|Any CPU.ActiveCfg = Debug|Any CPU
		{79109249-FE52-4C8F-BFAD-D563FE8EA85A}.Debug|Any CPU.Build.0 = Debug|Any CPU
		{79109249-FE52-4C8F-BFAD-D563FE8EA85A}.Release|Any CPU.ActiveCfg = Release|Any CPU
		{79109249-FE52-4C8F-BFAD-D563FE8EA85A}.Release|Any CPU.Build.0 = Release|Any CPU
	EndGlobalSection
	GlobalSection(SolutionProperties) = preSolution
		HideSolutionNode = FALSE
	EndGlobalSection
	GlobalSection(NestedProjects) = preSolution
		{554AD327-6DBA-4F8F-96F8-81CE7A0C863F} = {CA9AC87F-097E-4F15-8393-4BC07735A5B0}
		{1A94A50E-06DC-43C1-80B5-B662820EC3EB} = {CA9AC87F-097E-4F15-8393-4BC07735A5B0}
		{C956DD76-69C8-4A9C-83EA-D17DF83340FD} = {CA9AC87F-097E-4F15-8393-4BC07735A5B0}
		{0372FA84-C517-4EB3-9A9F-B9ACAC0CA5E0} = {CA9AC87F-097E-4F15-8393-4BC07735A5B0}
		{42F719ED-8413-4895-B5B4-5AB56079BC66} = {CA9AC87F-097E-4F15-8393-4BC07735A5B0}
		{520659C8-C734-4298-A3DA-B539DB9DFC0B} = {CA9AC87F-097E-4F15-8393-4BC07735A5B0}
		{4164BDF7-F527-4E85-9CE6-E3C2D7426A27} = {CA9AC87F-097E-4F15-8393-4BC07735A5B0}
		{8760EB30-254F-45DE-BD4F-6BA7F7D35944} = {CA9AC87F-097E-4F15-8393-4BC07735A5B0}
		{62A0EB9E-0ECF-46D9-B90E-41E04585D55E} = {CA9AC87F-097E-4F15-8393-4BC07735A5B0}
		{63AF4AB5-D229-4D2A-848B-EA106C7F920F} = {CA9AC87F-097E-4F15-8393-4BC07735A5B0}
		{1C4AD865-8107-4627-8895-1DA1314503AA} = {CA9AC87F-097E-4F15-8393-4BC07735A5B0}
		{79109249-FE52-4C8F-BFAD-D563FE8EA85A} = {CA9AC87F-097E-4F15-8393-4BC07735A5B0}
	EndGlobalSection
	GlobalSection(ExtensibilityGlobals) = postSolution
		SolutionGuid = {28315BFD-90E7-4E14-A2EA-F3D23AF4126F}
	EndGlobalSection
EndGlobal
